
Microsoft Visual Studio Solution File, Format Version 12.00
# Visual Studio 15
VisualStudioVersion = 15.0.27703.2035
MinimumVisualStudioVersion = 10.0.40219.1
Project("{FAE04EC0-301F-11D3-BF4B-00C04F79EFBC}") = "PiE520Downloader", "PiE520Downloader\PiE520Downloader.csproj", "{B5E0F6BF-1484-4A14-B472-373344F23A0D}"
EndProject
Global
	GlobalSection(SolutionConfigurationPlatforms) = preSolution
		Debug|Any CPU = Debug|Any CPU
		Release|Any CPU = Release|Any CPU
	EndGlobalSection
	GlobalSection(ProjectConfigurationPlatforms) = postSolution
		{B5E0F6BF-1484-4A14-B472-373344F23A0D}.Debug|Any CPU.ActiveCfg = Debug|Any CPU
		{B5E0F6BF-1484-4A14-B472-373344F23A0D}.Debug|Any CPU.Build.0 = Debug|Any CPU
		{B5E0F6BF-1484-4A14-B472-373344F23A0D}.Release|Any CPU.ActiveCfg = Release|Any CPU
		{B5E0F6BF-1484-4A14-B472-373344F23A0D}.Release|Any CPU.Build.0 = Release|Any CPU
	EndGlobalSection
	GlobalSection(SolutionProperties) = preSolution
		HideSolutionNode = FALSE
	EndGlobalSection
	GlobalSection(ExtensibilityGlobals) = postSolution
		SolutionGuid = {1BCB719F-3EA1-4C90-8CF7-2247E0B923D1}
	EndGlobalSection
EndGlobal
